
Microsoft Visual Studio Solution File, Format Version 12.00
# Visual Studio 14
VisualStudioVersion = 14.0.23107.0
MinimumVisualStudioVersion = 10.0.40219.1
Project("{8BC9CEB8-8B4A-11D0-8D11-00A0C91BC942}") = "Assignment 2", "Assignment 2.vcxproj", "{55CB3480-F5B3-4765-87AD-0FCBC11B9645}"
EndProject
Global
	GlobalSection(SolutionConfigurationPlatforms) = preSolution
		Debug|x64 = Debug|x64
		Debug|x86 = Debug|x86
		Release|x64 = Release|x64
		Release|x86 = Release|x86
	EndGlobalSection
	GlobalSection(ProjectConfigurationPlatforms) = postSolution
		{55CB3480-F5B3-4765-87AD-0FCBC11B9645}.Debug|x64.ActiveCfg = Debug|x64
		{55CB3480-F5B3-4765-87AD-0FCBC11B9645}.Debug|x64.Build.0 = Debug|x64
		{55CB3480-F5B3-4765-87AD-0FCBC11B9645}.Debug|x86.ActiveCfg = Debug|Win32
		{55CB3480-F5B3-4765-87AD-0FCBC11B9645}.Debug|x86.Build.0 = Debug|Win32
		{55CB3480-F5B3-4765-87AD-0FCBC11B9645}.Release|x64.ActiveCfg = Release|x64
		{55CB3480-F5B3-4765-87AD-0FCBC11B9645}.Release|x64.Build.0 = Release|x64
		{55CB3480-F5B3-4765-87AD-0FCBC11B9645}.Release|x86.ActiveCfg = Release|Win32
		{55CB3480-F5B3-4765-87AD-0FCBC11B9645}.Release|x86.Build.0 = Release|Win32
	EndGlobalSection
	GlobalSection(SolutionProperties) = preSolution
		HideSolutionNode = FALSE
	EndGlobalSection
EndGlobal
